
Microsoft Visual Studio Solution File, Format Version 12.00
# Visual Studio Version 16
VisualStudioVersion = 16.0.32802.440
MinimumVisualStudioVersion = 10.0.40219.1
Project("{FAE04EC0-301F-11D3-BF4B-00C04F79EFBC}") = "ReactBookMark.Web", "ReactBookMark.Web\ReactBookMark.Web.csproj", "{77AA6C25-BF65-47B2-99A1-7CDD68DCFB88}"
EndProject
Project("{FAE04EC0-301F-11D3-BF4B-00C04F79EFBC}") = "ReactBookMark.Data", "ReactBookMark.Data\ReactBookMark.Data.csproj", "{9F1E5A9E-5CC1-4E82-9EB0-E9280B49A031}"
EndProject
Global
	GlobalSection(SolutionConfigurationPlatforms) = preSolution
		Debug|Any CPU = Debug|Any CPU
		Release|Any CPU = Release|Any CPU
	EndGlobalSection
	GlobalSection(ProjectConfigurationPlatforms) = postSolution
		{77AA6C25-BF65-47B2-99A1-7CDD68DCFB88}.Debug|Any CPU.ActiveCfg = Debug|Any CPU
		{77AA6C25-BF65-47B2-99A1-7CDD68DCFB88}.Debug|Any CPU.Build.0 = Debug|Any CPU
		{77AA6C25-BF65-47B2-99A1-7CDD68DCFB88}.Release|Any CPU.ActiveCfg = Release|Any CPU
		{77AA6C25-BF65-47B2-99A1-7CDD68DCFB88}.Release|Any CPU.Build.0 = Release|Any CPU
		{9F1E5A9E-5CC1-4E82-9EB0-E9280B49A031}.Debug|Any CPU.ActiveCfg = Debug|Any CPU
		{9F1E5A9E-5CC1-4E82-9EB0-E9280B49A031}.Debug|Any CPU.Build.0 = Debug|Any CPU
		{9F1E5A9E-5CC1-4E82-9EB0-E9280B49A031}.Release|Any CPU.ActiveCfg = Release|Any CPU
		{9F1E5A9E-5CC1-4E82-9EB0-E9280B49A031}.Release|Any CPU.Build.0 = Release|Any CPU
	EndGlobalSection
	GlobalSection(SolutionProperties) = preSolution
		HideSolutionNode = FALSE
	EndGlobalSection
	GlobalSection(ExtensibilityGlobals) = postSolution
		SolutionGuid = {B4DF7599-3322-44FE-B4BD-D76CE2E61F5C}
	EndGlobalSection
EndGlobal
